
Microsoft Visual Studio Solution File, Format Version 12.00
# Visual Studio 15
VisualStudioVersion = 15.0.27130.2020
MinimumVisualStudioVersion = 10.0.40219.1
Project("{FAE04EC0-301F-11D3-BF4B-00C04F79EFBC}") = "KlasserTe16", "KlasserTe16\KlasserTe16.csproj", "{10B12277-610E-458B-ADDF-7A0BC4611DE2}"
EndProject
Global
	GlobalSection(SolutionConfigurationPlatforms) = preSolution
		Debug|Any CPU = Debug|Any CPU
		Release|Any CPU = Release|Any CPU
	EndGlobalSection
	GlobalSection(ProjectConfigurationPlatforms) = postSolution
		{10B12277-610E-458B-ADDF-7A0BC4611DE2}.Debug|Any CPU.ActiveCfg = Debug|Any CPU
		{10B12277-610E-458B-ADDF-7A0BC4611DE2}.Debug|Any CPU.Build.0 = Debug|Any CPU
		{10B12277-610E-458B-ADDF-7A0BC4611DE2}.Release|Any CPU.ActiveCfg = Release|Any CPU
		{10B12277-610E-458B-ADDF-7A0BC4611DE2}.Release|Any CPU.Build.0 = Release|Any CPU
	EndGlobalSection
	GlobalSection(SolutionProperties) = preSolution
		HideSolutionNode = FALSE
	EndGlobalSection
	GlobalSection(ExtensibilityGlobals) = postSolution
		SolutionGuid = {D5ACFC5B-CE31-4F14-8DDC-88B2021D2CC1}
	EndGlobalSection
EndGlobal
